
Microsoft Visual Studio Solution File, Format Version 12.00
# Visual Studio Version 17
VisualStudioVersion = 17.14.36109.1 d17.14
MinimumVisualStudioVersion = 10.0.40219.1
Project("{FAE04EC0-301F-11D3-BF4B-00C04F79EFBC}") = "ShoppingOnline", "ShoppingOnline\ShoppingOnline.csproj", "{B541E2C7-B030-48DB-9CD0-6F96FA636071}"
EndProject
Project("{FAE04EC0-301F-11D3-BF4B-00C04F79EFBC}") = "DAL", "DAL\DAL.csproj", "{76EDA70A-D34B-4FD9-BF07-EDD8780E9337}"
EndProject
Project("{FAE04EC0-301F-11D3-BF4B-00C04F79EFBC}") = "BLL", "BLL\BLL.csproj", "{F3545BFA-FD20-42B8-950B-FA47EA66E17E}"
EndProject
Global
	GlobalSection(SolutionConfigurationPlatforms) = preSolution
		Debug|Any CPU = Debug|Any CPU
		Release|Any CPU = Release|Any CPU
	EndGlobalSection
	GlobalSection(ProjectConfigurationPlatforms) = postSolution
		{B541E2C7-B030-48DB-9CD0-6F96FA636071}.Debug|Any CPU.ActiveCfg = Debug|Any CPU
		{B541E2C7-B030-48DB-9CD0-6F96FA636071}.Debug|Any CPU.Build.0 = Debug|Any CPU
		{B541E2C7-B030-48DB-9CD0-6F96FA636071}.Release|Any CPU.ActiveCfg = Release|Any CPU
		{B541E2C7-B030-48DB-9CD0-6F96FA636071}.Release|Any CPU.Build.0 = Release|Any CPU
		{76EDA70A-D34B-4FD9-BF07-EDD8780E9337}.Debug|Any CPU.ActiveCfg = Debug|Any CPU
		{76EDA70A-D34B-4FD9-BF07-EDD8780E9337}.Debug|Any CPU.Build.0 = Debug|Any CPU
		{76EDA70A-D34B-4FD9-BF07-EDD8780E9337}.Release|Any CPU.ActiveCfg = Release|Any CPU
		{76EDA70A-D34B-4FD9-BF07-EDD8780E9337}.Release|Any CPU.Build.0 = Release|Any CPU
		{F3545BFA-FD20-42B8-950B-FA47EA66E17E}.Debug|Any CPU.ActiveCfg = Debug|Any CPU
		{F3545BFA-FD20-42B8-950B-FA47EA66E17E}.Debug|Any CPU.Build.0 = Debug|Any CPU
		{F3545BFA-FD20-42B8-950B-FA47EA66E17E}.Release|Any CPU.ActiveCfg = Release|Any CPU
		{F3545BFA-FD20-42B8-950B-FA47EA66E17E}.Release|Any CPU.Build.0 = Release|Any CPU
	EndGlobalSection
	GlobalSection(SolutionProperties) = preSolution
		HideSolutionNode = FALSE
	EndGlobalSection
	GlobalSection(ExtensibilityGlobals) = postSolution
		SolutionGuid = {3E87F34D-FE0C-4C49-9B7D-034BD8FAB28E}
	EndGlobalSection
EndGlobal
